
Microsoft Visual Studio Solution File, Format Version 12.00
# Visual Studio Version 17
VisualStudioVersion = 17.8.34330.188
MinimumVisualStudioVersion = 10.0.40219.1
Project("{FAE04EC0-301F-11D3-BF4B-00C04F79EFBC}") = "URA-ColorBot", "URA-ColorBot.csproj", "{B4CBFCF6-2385-42B1-AF60-B08D5984F3D8}"
EndProject
Project("{FAE04EC0-301F-11D3-BF4B-00C04F79EFBC}") = "URA-ColorBot-API", "..\URA-ColorBot-API\URA-ColorBot-API.csproj", "{D1256A2F-74B7-452E-8FD2-D56237F17AE9}"
EndProject
Global
	GlobalSection(SolutionConfigurationPlatforms) = preSolution
		Debug|Any CPU = Debug|Any CPU
		Release|Any CPU = Release|Any CPU
	EndGlobalSection
	GlobalSection(ProjectConfigurationPlatforms) = postSolution
		{B4CBFCF6-2385-42B1-AF60-B08D5984F3D8}.Debug|Any CPU.ActiveCfg = Debug|Any CPU
		{B4CBFCF6-2385-42B1-AF60-B08D5984F3D8}.Debug|Any CPU.Build.0 = Debug|Any CPU
		{B4CBFCF6-2385-42B1-AF60-B08D5984F3D8}.Release|Any CPU.ActiveCfg = Release|Any CPU
		{B4CBFCF6-2385-42B1-AF60-B08D5984F3D8}.Release|Any CPU.Build.0 = Release|Any CPU
		{D1256A2F-74B7-452E-8FD2-D56237F17AE9}.Debug|Any CPU.ActiveCfg = Debug|Any CPU
		{D1256A2F-74B7-452E-8FD2-D56237F17AE9}.Debug|Any CPU.Build.0 = Debug|Any CPU
		{D1256A2F-74B7-452E-8FD2-D56237F17AE9}.Release|Any CPU.ActiveCfg = Release|Any CPU
		{D1256A2F-74B7-452E-8FD2-D56237F17AE9}.Release|Any CPU.Build.0 = Release|Any CPU
	EndGlobalSection
	GlobalSection(SolutionProperties) = preSolution
		HideSolutionNode = FALSE
	EndGlobalSection
	GlobalSection(ExtensibilityGlobals) = postSolution
		SolutionGuid = {210E4BC4-0695-4B0C-AC75-66E241E48615}
	EndGlobalSection
EndGlobal
